
Microsoft Visual Studio Solution File, Format Version 12.00
# Visual Studio Version 17
VisualStudioVersion = 17.5.33516.290
MinimumVisualStudioVersion = 10.0.40219.1
Project("{FAE04EC0-301F-11D3-BF4B-00C04F79EFBC}") = "ObjectOrientedProgramming", "ObjectOrientedProgramming\ObjectOrientedProgramming.csproj", "{13FD2627-4B52-4CE0-BCC0-E9EF2BF1EB9A}"
EndProject
Global
	GlobalSection(SolutionConfigurationPlatforms) = preSolution
		Debug|Any CPU = Debug|Any CPU
		Release|Any CPU = Release|Any CPU
	EndGlobalSection
	GlobalSection(ProjectConfigurationPlatforms) = postSolution
		{13FD2627-4B52-4CE0-BCC0-E9EF2BF1EB9A}.Debug|Any CPU.ActiveCfg = Debug|Any CPU
		{13FD2627-4B52-4CE0-BCC0-E9EF2BF1EB9A}.Debug|Any CPU.Build.0 = Debug|Any CPU
		{13FD2627-4B52-4CE0-BCC0-E9EF2BF1EB9A}.Release|Any CPU.ActiveCfg = Release|Any CPU
		{13FD2627-4B52-4CE0-BCC0-E9EF2BF1EB9A}.Release|Any CPU.Build.0 = Release|Any CPU
	EndGlobalSection
	GlobalSection(SolutionProperties) = preSolution
		HideSolutionNode = FALSE
	EndGlobalSection
	GlobalSection(ExtensibilityGlobals) = postSolution
		SolutionGuid = {839A1732-5B9F-49C5-BF05-9B3526C1E136}
	EndGlobalSection
EndGlobal
